
Microsoft Visual Studio Solution File, Format Version 12.00
# Visual Studio Version 17
VisualStudioVersion = 17.13.35931.197 d17.13
MinimumVisualStudioVersion = 10.0.40219.1
Project("{FAE04EC0-301F-11D3-BF4B-00C04F79EFBC}") = "UsersAdmin", "UsersAdmin\UsersAdmin.csproj", "{8E7065D0-97C7-4CDD-96A3-5506B2810F52}"
EndProject
Global
	GlobalSection(SolutionConfigurationPlatforms) = preSolution
		Debug|Any CPU = Debug|Any CPU
		Release|Any CPU = Release|Any CPU
	EndGlobalSection
	GlobalSection(ProjectConfigurationPlatforms) = postSolution
		{8E7065D0-97C7-4CDD-96A3-5506B2810F52}.Debug|Any CPU.ActiveCfg = Debug|Any CPU
		{8E7065D0-97C7-4CDD-96A3-5506B2810F52}.Debug|Any CPU.Build.0 = Debug|Any CPU
		{8E7065D0-97C7-4CDD-96A3-5506B2810F52}.Release|Any CPU.ActiveCfg = Release|Any CPU
		{8E7065D0-97C7-4CDD-96A3-5506B2810F52}.Release|Any CPU.Build.0 = Release|Any CPU
	EndGlobalSection
	GlobalSection(SolutionProperties) = preSolution
		HideSolutionNode = FALSE
	EndGlobalSection
	GlobalSection(ExtensibilityGlobals) = postSolution
		SolutionGuid = {1C4630A5-507E-4B1E-B0AF-F1CC04709AB6}
	EndGlobalSection
EndGlobal
